
Microsoft Visual Studio Solution File, Format Version 12.00
# Visual Studio Version 17
VisualStudioVersion = 17.1.32228.430
MinimumVisualStudioVersion = 10.0.40219.1
Project("{FAE04EC0-301F-11D3-BF4B-00C04F79EFBC}") = "PL", "PL\PL.csproj", "{D10EEFBD-5468-4F1B-AF70-B73DDC93B779}"
EndProject
Project("{FAE04EC0-301F-11D3-BF4B-00C04F79EFBC}") = "ML", "ML\ML.csproj", "{B454FDB8-58F9-4ECB-8020-770EA53C5D88}"
EndProject
Project("{FAE04EC0-301F-11D3-BF4B-00C04F79EFBC}") = "BL", "BL\BL.csproj", "{F07A0C29-E02D-4934-B392-425C7413CD29}"
EndProject
Project("{FAE04EC0-301F-11D3-BF4B-00C04F79EFBC}") = "PLMVC", "PLMVC\PLMVC.csproj", "{F76C5BF0-99C4-427C-AB24-ED66E844424E}"
EndProject
Project("{FAE04EC0-301F-11D3-BF4B-00C04F79EFBC}") = "DL", "DL\DL.csproj", "{FF180975-7800-4759-BAB0-4D64699FE395}"
EndProject
Global
	GlobalSection(SolutionConfigurationPlatforms) = preSolution
		Debug|Any CPU = Debug|Any CPU
		Release|Any CPU = Release|Any CPU
	EndGlobalSection
	GlobalSection(ProjectConfigurationPlatforms) = postSolution
		{D10EEFBD-5468-4F1B-AF70-B73DDC93B779}.Debug|Any CPU.ActiveCfg = Debug|Any CPU
		{D10EEFBD-5468-4F1B-AF70-B73DDC93B779}.Debug|Any CPU.Build.0 = Debug|Any CPU
		{D10EEFBD-5468-4F1B-AF70-B73DDC93B779}.Release|Any CPU.ActiveCfg = Release|Any CPU
		{D10EEFBD-5468-4F1B-AF70-B73DDC93B779}.Release|Any CPU.Build.0 = Release|Any CPU
		{B454FDB8-58F9-4ECB-8020-770EA53C5D88}.Debug|Any CPU.ActiveCfg = Debug|Any CPU
		{B454FDB8-58F9-4ECB-8020-770EA53C5D88}.Debug|Any CPU.Build.0 = Debug|Any CPU
		{B454FDB8-58F9-4ECB-8020-770EA53C5D88}.Release|Any CPU.ActiveCfg = Release|Any CPU
		{B454FDB8-58F9-4ECB-8020-770EA53C5D88}.Release|Any CPU.Build.0 = Release|Any CPU
		{F07A0C29-E02D-4934-B392-425C7413CD29}.Debug|Any CPU.ActiveCfg = Debug|Any CPU
		{F07A0C29-E02D-4934-B392-425C7413CD29}.Debug|Any CPU.Build.0 = Debug|Any CPU
		{F07A0C29-E02D-4934-B392-425C7413CD29}.Release|Any CPU.ActiveCfg = Release|Any CPU
		{F07A0C29-E02D-4934-B392-425C7413CD29}.Release|Any CPU.Build.0 = Release|Any CPU
		{F76C5BF0-99C4-427C-AB24-ED66E844424E}.Debug|Any CPU.ActiveCfg = Debug|Any CPU
		{F76C5BF0-99C4-427C-AB24-ED66E844424E}.Debug|Any CPU.Build.0 = Debug|Any CPU
		{F76C5BF0-99C4-427C-AB24-ED66E844424E}.Release|Any CPU.ActiveCfg = Release|Any CPU
		{F76C5BF0-99C4-427C-AB24-ED66E844424E}.Release|Any CPU.Build.0 = Release|Any CPU
		{FF180975-7800-4759-BAB0-4D64699FE395}.Debug|Any CPU.ActiveCfg = Debug|Any CPU
		{FF180975-7800-4759-BAB0-4D64699FE395}.Debug|Any CPU.Build.0 = Debug|Any CPU
		{FF180975-7800-4759-BAB0-4D64699FE395}.Release|Any CPU.ActiveCfg = Release|Any CPU
		{FF180975-7800-4759-BAB0-4D64699FE395}.Release|Any CPU.Build.0 = Release|Any CPU
	EndGlobalSection
	GlobalSection(SolutionProperties) = preSolution
		HideSolutionNode = FALSE
	EndGlobalSection
	GlobalSection(ExtensibilityGlobals) = postSolution
		SolutionGuid = {C29E7BA3-E023-4E73-9C02-E7C79A3C0342}
	EndGlobalSection
EndGlobal
